// !$*UTF8*$!
{
	archiveVersion = 1;
	classes = {
	};
	objectVersion = 46;
	objects = {

/* Begin PBXBuildFile section */
		3201088596B4756681693705 /* libThree20UICommon.a in Frameworks */ = {isa = PBXBuildFile; fileRef = 3201088596B4756681693704 /* libThree20UICommon.a */; };
		3206A0F794A6D7A3F259DBF5 /* libextThree20JSON+SBJSON.a in Frameworks */ = {isa = PBXBuildFile; fileRef = 3206A0F794A6D7A3F259DBF4 /* libextThree20JSON+SBJSON.a */; };
		320A2827FEC940B25BC42C65 /* libThree20Core.a in Frameworks */ = {isa = PBXBuildFile; fileRef = 320A2827FEC940B25BC42C64 /* libThree20Core.a */; };
		320A5A189C235877202780D5 /* libThree20Network.a in Frameworks */ = {isa = PBXBuildFile; fileRef = 320A5A189C235877202780D4 /* libThree20Network.a */; };
		320A737074758E53BA54BE95 /* libThree20UINavigator.a in Frameworks */ = {isa = PBXBuildFile; fileRef = 320A737074758E53BA54BE94 /* libThree20UINavigator.a */; };
		320AF8492C47A4D819F7C451 /* QuartzCore.framework in Frameworks */ = {isa = PBXBuildFile; fileRef = 320AF8492C47A4D819F7C450 /* QuartzCore.framework */; };
		320CC833B8AF0ACFD35E6225 /* libThree20Style.a in Frameworks */ = {isa = PBXBuildFile; fileRef = 320CC833B8AF0ACFD35E6224 /* libThree20Style.a */; };
		320D7DCCE32703ACAB9A45E5 /* libThree20.a in Frameworks */ = {isa = PBXBuildFile; fileRef = 320D7DCCE32703ACAB9A45E4 /* libThree20.a */; };
		320F2C48872C2E2C4DF86205 /* libThree20UI.a in Frameworks */ = {isa = PBXBuildFile; fileRef = 320F2C48872C2E2C4DF86204 /* libThree20UI.a */; };
		C623AFB8151F666C001ED9BB /* miao.jpg in Resources */ = {isa = PBXBuildFile; fileRef = C623AFB7151F666C001ED9BB /* miao.jpg */; };
		C623AFC7151F81FB001ED9BB /* tab1.png in Resources */ = {isa = PBXBuildFile; fileRef = C623AFC5151F81FB001ED9BB /* tab1.png */; };
		C623AFC8151F81FB001ED9BB /* tab2.png in Resources */ = {isa = PBXBuildFile; fileRef = C623AFC6151F81FB001ED9BB /* tab2.png */; };
		C633F0F11507ECE4005C853C /* StyleSheet.m in Sources */ = {isa = PBXBuildFile; fileRef = C633F0F01507ECE4005C853C /* StyleSheet.m */; };
		C633F0FD1507F704005C853C /* headimg.png in Resources */ = {isa = PBXBuildFile; fileRef = C633F0FC1507F704005C853C /* headimg.png */; };
		C636192F150CD47700159700 /* ArticleDetailController.m in Sources */ = {isa = PBXBuildFile; fileRef = C636192D150CD47700159700 /* ArticleDetailController.m */; };
		C6361930150CD47700159700 /* ArticleDetailController.xib in Resources */ = {isa = PBXBuildFile; fileRef = C636192E150CD47700159700 /* ArticleDetailController.xib */; };
		C63C3D9A1503BB480098269D /* TotoroTalkController.m in Sources */ = {isa = PBXBuildFile; fileRef = C63C3D991503BB480098269D /* TotoroTalkController.m */; };
		C64C10621503C3D4008EBE1F /* AVFoundation.framework in Frameworks */ = {isa = PBXBuildFile; fileRef = C64C10611503C3D4008EBE1F /* AVFoundation.framework */; };
		C64C10751503CA06008EBE1F /* Three20.bundle in Resources */ = {isa = PBXBuildFile; fileRef = C64C10741503CA06008EBE1F /* Three20.bundle */; };
		C671383F1507D73A007148F5 /* bbsajiao.m4a in Resources */ = {isa = PBXBuildFile; fileRef = C671382F1507D73A007148F5 /* bbsajiao.m4a */; };
		C67138401507D73A007148F5 /* bbshuixingle.m4a in Resources */ = {isa = PBXBuildFile; fileRef = C67138301507D73A007148F5 /* bbshuixingle.m4a */; };
		C67138411507D73A007148F5 /* bbyaoshuijiao.m4a in Resources */ = {isa = PBXBuildFile; fileRef = C67138311507D73A007148F5 /* bbyaoshuijiao.m4a */; };
		C67138421507D73A007148F5 /* chaojia.m4a in Resources */ = {isa = PBXBuildFile; fileRef = C67138321507D73A007148F5 /* chaojia.m4a */; };
		C67138431507D73A007148F5 /* ddfaqing.m4a in Resources */ = {isa = PBXBuildFile; fileRef = C67138331507D73A007148F5 /* ddfaqing.m4a */; };
		C67138441507D73A007148F5 /* emengjinggao.m4a in Resources */ = {isa = PBXBuildFile; fileRef = C67138341507D73A007148F5 /* emengjinggao.m4a */; };
		C67138451507D73A007148F5 /* jimo.m4a in Resources */ = {isa = PBXBuildFile; fileRef = C67138351507D73A007148F5 /* jimo.m4a */; };
		C67138461507D73A007148F5 /* mamahuhuan.m4a in Resources */ = {isa = PBXBuildFile; fileRef = C67138361507D73A007148F5 /* mamahuhuan.m4a */; };
		C67138471507D73A007148F5 /* qiuou.m4a in Resources */ = {isa = PBXBuildFile; fileRef = C67138371507D73A007148F5 /* qiuou.m4a */; };
		C67138481507D73A007148F5 /* qiurao.m4a in Resources */ = {isa = PBXBuildFile; fileRef = C67138381507D73A007148F5 /* qiurao.m4a */; };
		C67138491507D73A007148F5 /* shufu.m4a in Resources */ = {isa = PBXBuildFile; fileRef = C67138391507D73A007148F5 /* shufu.m4a */; };
		C671384A1507D73A007148F5 /* taoyan.m4a in Resources */ = {isa = PBXBuildFile; fileRef = C671383A1507D73A007148F5 /* taoyan.m4a */; };
		C671384B1507D73A007148F5 /* teng.m4a in Resources */ = {isa = PBXBuildFile; fileRef = C671383B1507D73A007148F5 /* teng.m4a */; };
		C671384C1507D73A007148F5 /* xiangxizao.m4a in Resources */ = {isa = PBXBuildFile; fileRef = C671383C1507D73A007148F5 /* xiangxizao.m4a */; };
		C671384D1507D73A007148F5 /* xunzhaobanlv.m4a in Resources */ = {isa = PBXBuildFile; fileRef = C671383D1507D73A007148F5 /* xunzhaobanlv.m4a */; };
		C671384E1507D73A007148F5 /* youyaoqiu.m4a in Resources */ = {isa = PBXBuildFile; fileRef = C671383E1507D73A007148F5 /* youyaoqiu.m4a */; };
		C67F77711522196200A79688 /* CameraController.m in Sources */ = {isa = PBXBuildFile; fileRef = C67F77701522196200A79688 /* CameraController.m */; };
		C68BF7F514FA229800B23000 /* UIKit.framework in Frameworks */ = {isa = PBXBuildFile; fileRef = C68BF7F414FA229700B23000 /* UIKit.framework */; };
		C68BF7F714FA229800B23000 /* Foundation.framework in Frameworks */ = {isa = PBXBuildFile; fileRef = C68BF7F614FA229800B23000 /* Foundation.framework */; };
		C68BF7F914FA229800B23000 /* CoreGraphics.framework in Frameworks */ = {isa = PBXBuildFile; fileRef = C68BF7F814FA229800B23000 /* CoreGraphics.framework */; };
		C68BF7FF14FA229800B23000 /* InfoPlist.strings in Resources */ = {isa = PBXBuildFile; fileRef = C68BF7FD14FA229800B23000 /* InfoPlist.strings */; };
		C68BF80114FA229800B23000 /* main.m in Sources */ = {isa = PBXBuildFile; fileRef = C68BF80014FA229800B23000 /* main.m */; };
		C68BF80514FA229800B23000 /* AppDelegate.m in Sources */ = {isa = PBXBuildFile; fileRef = C68BF80414FA229800B23000 /* AppDelegate.m */; };
		C68BF80D14FA229800B23000 /* SenTestingKit.framework in Frameworks */ = {isa = PBXBuildFile; fileRef = C68BF80C14FA229800B23000 /* SenTestingKit.framework */; };
		C68BF80E14FA229800B23000 /* UIKit.framework in Frameworks */ = {isa = PBXBuildFile; fileRef = C68BF7F414FA229700B23000 /* UIKit.framework */; };
		C68BF80F14FA229800B23000 /* Foundation.framework in Frameworks */ = {isa = PBXBuildFile; fileRef = C68BF7F614FA229800B23000 /* Foundation.framework */; };
		C68BF81714FA229800B23000 /* InfoPlist.strings in Resources */ = {isa = PBXBuildFile; fileRef = C68BF81514FA229800B23000 /* InfoPlist.strings */; };
		C68BF81A14FA229800B23000 /* totorotalkTests.m in Sources */ = {isa = PBXBuildFile; fileRef = C68BF81914FA229800B23000 /* totorotalkTests.m */; };
		C6977075151EDC9A00ABEC01 /* Default@2x.png in Resources */ = {isa = PBXBuildFile; fileRef = C6977074151EDC9A00ABEC01 /* Default@2x.png */; };
		C6977077151EDC9F00ABEC01 /* Default.png in Resources */ = {isa = PBXBuildFile; fileRef = C6977076151EDC9F00ABEC01 /* Default.png */; };
		C6AC2C8F152B564C008157FF /* PhotoThumbViewController.m in Sources */ = {isa = PBXBuildFile; fileRef = C6AC2C8E152B564C008157FF /* PhotoThumbViewController.m */; };
		C6C81B1B150CB06800D41220 /* TabBarController.m in Sources */ = {isa = PBXBuildFile; fileRef = C6C81B1A150CB06800D41220 /* TabBarController.m */; };
		C6C81B75150CB82000D41220 /* ArticleTableController.m in Sources */ = {isa = PBXBuildFile; fileRef = C6C81B74150CB82000D41220 /* ArticleTableController.m */; };
		C6C81B86150CC1A000D41220 /* Article.m in Sources */ = {isa = PBXBuildFile; fileRef = C6C81B85150CC1A000D41220 /* Article.m */; };
		C6C81B89150CC58700D41220 /* ArticleGetDataModel.m in Sources */ = {isa = PBXBuildFile; fileRef = C6C81B88150CC58700D41220 /* ArticleGetDataModel.m */; };
		C6C81B8C150CCB7F00D41220 /* ArticleDataSource.m in Sources */ = {isa = PBXBuildFile; fileRef = C6C81B8B150CCB7F00D41220 /* ArticleDataSource.m */; };
		C6CE59861542F22900BDFBAD /* MockPhotoSource.m in Sources */ = {isa = PBXBuildFile; fileRef = C6CE59851542F22900BDFBAD /* MockPhotoSource.m */; };
		C6D12188150D01BA00CA4DC7 /* TotoroTalkController.xib in Resources */ = {isa = PBXBuildFile; fileRef = C6D12187150D01BA00CA4DC7 /* TotoroTalkController.xib */; };
		C6D4A0DF152C4B7400320203 /* background.jpg in Resources */ = {isa = PBXBuildFile; fileRef = C6D4A0DE152C4B7400320203 /* background.jpg */; };
		C6D4A0E3152C4D4C00320203 /* icon2-57.png in Resources */ = {isa = PBXBuildFile; fileRef = C6D4A0E2152C4D4C00320203 /* icon2-57.png */; };
		C6D4A0E5152C4D5C00320203 /* icon2-114.png in Resources */ = {isa = PBXBuildFile; fileRef = C6D4A0E4152C4D5C00320203 /* icon2-114.png */; };
		C6D4A0E9152C53EC00320203 /* banner.png in Resources */ = {isa = PBXBuildFile; fileRef = C6D4A0E8152C53EC00320203 /* banner.png */; };
		C6D4A0EB152C6C4300320203 /* tab.png in Resources */ = {isa = PBXBuildFile; fileRef = C6D4A0EA152C6C4300320203 /* tab.png */; };
		C6DE6C801539C8F500923B6F /* HotPhotoDataSource.m in Sources */ = {isa = PBXBuildFile; fileRef = C6DE6C7F1539C8F500923B6F /* HotPhotoDataSource.m */; };
		C6DE6C831539C9A300923B6F /* HotPhotoGetDataModel.m in Sources */ = {isa = PBXBuildFile; fileRef = C6DE6C821539C9A300923B6F /* HotPhotoGetDataModel.m */; };
		C6DE6C861539CA5700923B6F /* HotPhoto.m in Sources */ = {isa = PBXBuildFile; fileRef = C6DE6C851539CA5700923B6F /* HotPhoto.m */; };
/* End PBXBuildFile section */

/* Begin PBXContainerItemProxy section */
		3201088596B4756681693702 /* PBXContainerItemProxy */ = {
			isa = PBXContainerItemProxy;
			containerPortal = 3201088596B4756681693700 /* Three20UICommon.xcodeproj */;
			proxyType = 1;
			remoteGlobalIDString = BEF31F390F352DF5000DE5D2;
			remoteInfo = Three20UICommon;
		};
		3201088596B4756681693706 /* PBXContainerItemProxy */ = {
			isa = PBXContainerItemProxy;
			containerPortal = 3201088596B4756681693700 /* Three20UICommon.xcodeproj */;
			proxyType = 2;
			remoteGlobalIDString = BEF31F3A0F352DF5000DE5D2;
			remoteInfo = Three20UICommon;
		};
		3206A0F794A6D7A3F259DBF2 /* PBXContainerItemProxy */ = {
			isa = PBXContainerItemProxy;
			containerPortal = 3206A0F794A6D7A3F259DBF0 /* extThree20JSON.xcodeproj */;
			proxyType = 1;
			remoteGlobalIDString = BEF31F390F352DF5000DE5D2;
			remoteInfo = extThree20JSON;
		};
		3206A0F794A6D7A3F259DBF6 /* PBXContainerItemProxy */ = {
			isa = PBXContainerItemProxy;
			containerPortal = 3206A0F794A6D7A3F259DBF0 /* extThree20JSON.xcodeproj */;
			proxyType = 2;
			remoteGlobalIDString = BEF31F3A0F352DF5000DE5D2;
			remoteInfo = extThree20JSON;
		};
		320A2827FEC940B25BC42C62 /* PBXContainerItemProxy */ = {
			isa = PBXContainerItemProxy;
			containerPortal = 320A2827FEC940B25BC42C60 /* Three20Core.xcodeproj */;
			proxyType = 1;
			remoteGlobalIDString = BEF31F390F352DF5000DE5D2;
			remoteInfo = Three20Core;
		};
		320A2827FEC940B25BC42C66 /* PBXContainerItemProxy */ = {
			isa = PBXContainerItemProxy;
			containerPortal = 320A2827FEC940B25BC42C60 /* Three20Core.xcodeproj */;
			proxyType = 2;
			remoteGlobalIDString = BEF31F3A0F352DF5000DE5D2;
			remoteInfo = Three20Core;
		};
		320A5A189C235877202780D2 /* PBXContainerItemProxy */ = {
			isa = PBXContainerItemProxy;
			containerPortal = 320A5A189C235877202780D0 /* Three20Network.xcodeproj */;
			proxyType = 1;
			remoteGlobalIDString = BEF31F390F352DF5000DE5D2;
			remoteInfo = Three20Network;
		};
		320A5A189C235877202780D6 /* PBXContainerItemProxy */ = {
			isa = PBXContainerItemProxy;
			containerPortal = 320A5A189C235877202780D0 /* Three20Network.xcodeproj */;
			proxyType = 2;
			remoteGlobalIDString = BEF31F3A0F352DF5000DE5D2;
			remoteInfo = Three20Network;
		};
		320A737074758E53BA54BE92 /* PBXContainerItemProxy */ = {
			isa = PBXContainerItemProxy;
			containerPortal = 320A737074758E53BA54BE90 /* Three20UINavigator.xcodeproj */;
			proxyType = 1;
			remoteGlobalIDString = BEF31F390F352DF5000DE5D2;
			remoteInfo = Three20UINavigator;
		};
		320A737074758E53BA54BE96 /* PBXContainerItemProxy */ = {
			isa = PBXContainerItemProxy;
			containerPortal = 320A737074758E53BA54BE90 /* Three20UINavigator.xcodeproj */;
			proxyType = 2;
			remoteGlobalIDString = BEF31F3A0F352DF5000DE5D2;
			remoteInfo = Three20UINavigator;
		};
		320CC833B8AF0ACFD35E6222 /* PBXContainerItemProxy */ = {
			isa = PBXContainerItemProxy;
			containerPortal = 320CC833B8AF0ACFD35E6220 /* Three20Style.xcodeproj */;
			proxyType = 1;
			remoteGlobalIDString = BEF31F390F352DF5000DE5D2;
			remoteInfo = Three20Style;
		};
		320CC833B8AF0ACFD35E6226 /* PBXContainerItemProxy */ = {
			isa = PBXContainerItemProxy;
			containerPortal = 320CC833B8AF0ACFD35E6220 /* Three20Style.xcodeproj */;
			proxyType = 2;
			remoteGlobalIDString = BEF31F3A0F352DF5000DE5D2;
			remoteInfo = Three20Style;
		};
		320D7DCCE32703ACAB9A45E2 /* PBXContainerItemProxy */ = {
			isa = PBXContainerItemProxy;
			containerPortal = 320D7DCCE32703ACAB9A45E0 /* Three20.xcodeproj */;
			proxyType = 1;
			remoteGlobalIDString = BEF31F390F352DF5000DE5D2;
			remoteInfo = Three20;
		};
		320D7DCCE32703ACAB9A45E6 /* PBXContainerItemProxy */ = {
			isa = PBXContainerItemProxy;
			containerPortal = 320D7DCCE32703ACAB9A45E0 /* Three20.xcodeproj */;
			proxyType = 2;
			remoteGlobalIDString = BEF31F3A0F352DF5000DE5D2;
			remoteInfo = Three20;
		};
		320F2C48872C2E2C4DF86202 /* PBXContainerItemProxy */ = {
			isa = PBXContainerItemProxy;
			containerPortal = 320F2C48872C2E2C4DF86200 /* Three20UI.xcodeproj */;
			proxyType = 1;
			remoteGlobalIDString = BEF31F390F352DF5000DE5D2;
			remoteInfo = Three20UI;
		};
		320F2C48872C2E2C4DF86206 /* PBXContainerItemProxy */ = {
			isa = PBXContainerItemProxy;
			containerPortal = 320F2C48872C2E2C4DF86200 /* Three20UI.xcodeproj */;
			proxyType = 2;
			remoteGlobalIDString = BEF31F3A0F352DF5000DE5D2;
			remoteInfo = Three20UI;
		};
		C6361920150CCFD400159700 /* PBXContainerItemProxy */ = {
			isa = PBXContainerItemProxy;
			containerPortal = 3206A0F794A6D7A3F259DBF0 /* extThree20JSON.xcodeproj */;
			proxyType = 2;
			remoteGlobalIDString = 6E645BD91187751200F08CB1;
			remoteInfo = "extThree20JSON+YAJL";
		};
		C6361922150CCFD400159700 /* PBXContainerItemProxy */ = {
			isa = PBXContainerItemProxy;
			containerPortal = 3206A0F794A6D7A3F259DBF0 /* extThree20JSON.xcodeproj */;
			proxyType = 2;
			remoteGlobalIDString = EB9E6C6210B6A8F800DE563C;
			remoteInfo = "extThree20JSONUnitTests+SBJSON";
		};
		C6792D72150392100026611B /* PBXContainerItemProxy */ = {
			isa = PBXContainerItemProxy;
			containerPortal = 320D7DCCE32703ACAB9A45E0 /* Three20.xcodeproj */;
			proxyType = 2;
			remoteGlobalIDString = EB9E6C6210B6A8F800DE563C;
			remoteInfo = Three20UnitTests;
		};
		C6792D75150392100026611B /* PBXContainerItemProxy */ = {
			isa = PBXContainerItemProxy;
			containerPortal = 320A2827FEC940B25BC42C60 /* Three20Core.xcodeproj */;
			proxyType = 2;
			remoteGlobalIDString = EB9E6C6210B6A8F800DE563C;
			remoteInfo = Three20CoreUnitTests;
		};
		C6792D78150392100026611B /* PBXContainerItemProxy */ = {
			isa = PBXContainerItemProxy;
			containerPortal = 320A5A189C235877202780D0 /* Three20Network.xcodeproj */;
			proxyType = 2;
			remoteGlobalIDString = EB9E6C6210B6A8F800DE563C;
			remoteInfo = Three20NetworkUnitTests;
		};
		C6792D7B150392100026611B /* PBXContainerItemProxy */ = {
			isa = PBXContainerItemProxy;
			containerPortal = 320CC833B8AF0ACFD35E6220 /* Three20Style.xcodeproj */;
			proxyType = 2;
			remoteGlobalIDString = EB9E6C6210B6A8F800DE563C;
			remoteInfo = Three20StyleUnitTests;
		};
		C6792D7E150392100026611B /* PBXContainerItemProxy */ = {
			isa = PBXContainerItemProxy;
			containerPortal = 320F2C48872C2E2C4DF86200 /* Three20UI.xcodeproj */;
			proxyType = 2;
			remoteGlobalIDString = EB9E6C6210B6A8F800DE563C;
			remoteInfo = Three20UIUnitTests;
		};
		C6792D81150392100026611B /* PBXContainerItemProxy */ = {
			isa = PBXContainerItemProxy;
			containerPortal = 3201088596B4756681693700 /* Three20UICommon.xcodeproj */;
			proxyType = 2;
			remoteGlobalIDString = EB9E6C6210B6A8F800DE563C;
			remoteInfo = Three20UICommonUnitTests;
		};
		C6792D84150392100026611B /* PBXContainerItemProxy */ = {
			isa = PBXContainerItemProxy;
			containerPortal = 320A737074758E53BA54BE90 /* Three20UINavigator.xcodeproj */;
			proxyType = 2;
			remoteGlobalIDString = EB9E6C6210B6A8F800DE563C;
			remoteInfo = Three20UINavigatorUnitTests;
		};
		C68BF81014FA229800B23000 /* PBXContainerItemProxy */ = {
			isa = PBXContainerItemProxy;
			containerPortal = C68BF7E714FA229700B23000 /* Project object */;
			proxyType = 1;
			remoteGlobalIDString = C68BF7EF14FA229700B23000;
			remoteInfo = totorotalk;
		};
/* End PBXContainerItemProxy section */

/* Begin PBXFileReference section */
		3201088596B4756681693700 /* Three20UICommon.xcodeproj */ = {isa = PBXFileReference; lastKnownFileType = "wrapper.pb-project"; name = Three20UICommon.xcodeproj; path = ../../three20/src/Three20UICommon/Three20UICommon.xcodeproj; sourceTree = SOURCE_ROOT; };
		3206A0F794A6D7A3F259DBF0 /* extThree20JSON.xcodeproj */ = {isa = PBXFileReference; lastKnownFileType = "wrapper.pb-project"; name = extThree20JSON.xcodeproj; path = ../../three20/src/extThree20JSON/extThree20JSON.xcodeproj; sourceTree = SOURCE_ROOT; };
		320A2827FEC940B25BC42C60 /* Three20Core.xcodeproj */ = {isa = PBXFileReference; lastKnownFileType = "wrapper.pb-project"; name = Three20Core.xcodeproj; path = ../../three20/src/Three20Core/Three20Core.xcodeproj; sourceTree = SOURCE_ROOT; };
		320A5A189C235877202780D0 /* Three20Network.xcodeproj */ = {isa = PBXFileReference; lastKnownFileType = "wrapper.pb-project"; name = Three20Network.xcodeproj; path = ../../three20/src/Three20Network/Three20Network.xcodeproj; sourceTree = SOURCE_ROOT; };
		320A737074758E53BA54BE90 /* Three20UINavigator.xcodeproj */ = {isa = PBXFileReference; lastKnownFileType = "wrapper.pb-project"; name = Three20UINavigator.xcodeproj; path = ../../three20/src/Three20UINavigator/Three20UINavigator.xcodeproj; sourceTree = SOURCE_ROOT; };
		320AF8492C47A4D819F7C450 /* QuartzCore.framework */ = {isa = PBXFileReference; lastKnownFileType = wrapper.frameworks; name = QuartzCore.framework; path = System/Library/Frameworks/QuartzCore.framework; sourceTree = SDKROOT; };
		320CC833B8AF0ACFD35E6220 /* Three20Style.xcodeproj */ = {isa = PBXFileReference; lastKnownFileType = "wrapper.pb-project"; name = Three20Style.xcodeproj; path = ../../three20/src/Three20Style/Three20Style.xcodeproj; sourceTree = SOURCE_ROOT; };
		320D7DCCE32703ACAB9A45E0 /* Three20.xcodeproj */ = {isa = PBXFileReference; lastKnownFileType = "wrapper.pb-project"; name = Three20.xcodeproj; path = ../../three20/src/Three20/Three20.xcodeproj; sourceTree = SOURCE_ROOT; };
		320F2C48872C2E2C4DF86200 /* Three20UI.xcodeproj */ = {isa = PBXFileReference; lastKnownFileType = "wrapper.pb-project"; name = Three20UI.xcodeproj; path = ../../three20/src/Three20UI/Three20UI.xcodeproj; sourceTree = SOURCE_ROOT; };
		C623AFB7151F666C001ED9BB /* miao.jpg */ = {isa = PBXFileReference; lastKnownFileType = image.jpeg; path = miao.jpg; sourceTree = "<group>"; };
		C623AFC5151F81FB001ED9BB /* tab1.png */ = {isa = PBXFileReference; lastKnownFileType = image.png; path = tab1.png; sourceTree = "<group>"; };
		C623AFC6151F81FB001ED9BB /* tab2.png */ = {isa = PBXFileReference; lastKnownFileType = image.png; path = tab2.png; sourceTree = "<group>"; };
		C633F0EF1507ECE4005C853C /* StyleSheet.h */ = {isa = PBXFileReference; fileEncoding = 4; lastKnownFileType = sourcecode.c.h; path = StyleSheet.h; sourceTree = "<group>"; };
		C633F0F01507ECE4005C853C /* StyleSheet.m */ = {isa = PBXFileReference; fileEncoding = 4; lastKnownFileType = sourcecode.c.objc; path = StyleSheet.m; sourceTree = "<group>"; };
		C633F0FC1507F704005C853C /* headimg.png */ = {isa = PBXFileReference; lastKnownFileType = image.png; path = headimg.png; sourceTree = "<group>"; };
		C636192C150CD47700159700 /* ArticleDetailController.h */ = {isa = PBXFileReference; fileEncoding = 4; lastKnownFileType = sourcecode.c.h; path = ArticleDetailController.h; sourceTree = "<group>"; };
		C636192D150CD47700159700 /* ArticleDetailController.m */ = {isa = PBXFileReference; fileEncoding = 4; lastKnownFileType = sourcecode.c.objc; path = ArticleDetailController.m; sourceTree = "<group>"; };
		C636192E150CD47700159700 /* ArticleDetailController.xib */ = {isa = PBXFileReference; fileEncoding = 4; lastKnownFileType = file.xib; path = ArticleDetailController.xib; sourceTree = "<group>"; };
		C63C3D981503BB480098269D /* TotoroTalkController.h */ = {isa = PBXFileReference; fileEncoding = 4; lastKnownFileType = sourcecode.c.h; path = TotoroTalkController.h; sourceTree = "<group>"; };
		C63C3D991503BB480098269D /* TotoroTalkController.m */ = {isa = PBXFileReference; fileEncoding = 4; lastKnownFileType = sourcecode.c.objc; path = TotoroTalkController.m; sourceTree = "<group>"; };
		C64C10611503C3D4008EBE1F /* AVFoundation.framework */ = {isa = PBXFileReference; lastKnownFileType = wrapper.framework; name = AVFoundation.framework; path = System/Library/Frameworks/AVFoundation.framework; sourceTree = SDKROOT; };
		C64C10701503C87A008EBE1F /* zh-Hans */ = {isa = PBXFileReference; lastKnownFileType = text.plist.strings; name = "zh-Hans"; path = "/Users/lixiaoxin/Sites/company/6ouroboros/iphone/totorotalk/totorotalkTests/zh-Hans.lproj/InfoPlist.strings"; sourceTree = "<absolute>"; };
		C64C10711503C87A008EBE1F /* zh-Hans */ = {isa = PBXFileReference; lastKnownFileType = text.plist.strings; name = "zh-Hans"; path = "/Users/lixiaoxin/Sites/company/6ouroboros/iphone/totorotalk/totorotalk/zh-Hans.lproj/InfoPlist.strings"; sourceTree = "<absolute>"; };
		C64C10741503CA06008EBE1F /* Three20.bundle */ = {isa = PBXFileReference; lastKnownFileType = "wrapper.plug-in"; path = Three20.bundle; sourceTree = "<group>"; };
		C671382F1507D73A007148F5 /* bbsajiao.m4a */ = {isa = PBXFileReference; lastKnownFileType = file; path = bbsajiao.m4a; sourceTree = "<group>"; };
		C67138301507D73A007148F5 /* bbshuixingle.m4a */ = {isa = PBXFileReference; lastKnownFileType = file; path = bbshuixingle.m4a; sourceTree = "<group>"; };
		C67138311507D73A007148F5 /* bbyaoshuijiao.m4a */ = {isa = PBXFileReference; lastKnownFileType = file; path = bbyaoshuijiao.m4a; sourceTree = "<group>"; };
		C67138321507D73A007148F5 /* chaojia.m4a */ = {isa = PBXFileReference; lastKnownFileType = file; path = chaojia.m4a; sourceTree = "<group>"; };
		C67138331507D73A007148F5 /* ddfaqing.m4a */ = {isa = PBXFileReference; lastKnownFileType = file; path = ddfaqing.m4a; sourceTree = "<group>"; };
		C67138341507D73A007148F5 /* emengjinggao.m4a */ = {isa = PBXFileReference; lastKnownFileType = file; path = emengjinggao.m4a; sourceTree = "<group>"; };
		C67138351507D73A007148F5 /* jimo.m4a */ = {isa = PBXFileReference; lastKnownFileType = file; path = jimo.m4a; sourceTree = "<group>"; };
		C67138361507D73A007148F5 /* mamahuhuan.m4a */ = {isa = PBXFileReference; lastKnownFileType = file; path = mamahuhuan.m4a; sourceTree = "<group>"; };
		C67138371507D73A007148F5 /* qiuou.m4a */ = {isa = PBXFileReference; lastKnownFileType = file; path = qiuou.m4a; sourceTree = "<group>"; };
		C67138381507D73A007148F5 /* qiurao.m4a */ = {isa = PBXFileReference; lastKnownFileType = file; path = qiurao.m4a; sourceTree = "<group>"; };
		C67138391507D73A007148F5 /* shufu.m4a */ = {isa = PBXFileReference; lastKnownFileType = file; path = shufu.m4a; sourceTree = "<group>"; };
		C671383A1507D73A007148F5 /* taoyan.m4a */ = {isa = PBXFileReference; lastKnownFileType = file; path = taoyan.m4a; sourceTree = "<group>"; };
		C671383B1507D73A007148F5 /* teng.m4a */ = {isa = PBXFileReference; lastKnownFileType = file; path = teng.m4a; sourceTree = "<group>"; };
		C671383C1507D73A007148F5 /* xiangxizao.m4a */ = {isa = PBXFileReference; lastKnownFileType = file; path = xiangxizao.m4a; sourceTree = "<group>"; };
		C671383D1507D73A007148F5 /* xunzhaobanlv.m4a */ = {isa = PBXFileReference; lastKnownFileType = file; path = xunzhaobanlv.m4a; sourceTree = "<group>"; };
		C671383E1507D73A007148F5 /* youyaoqiu.m4a */ = {isa = PBXFileReference; lastKnownFileType = file; path = youyaoqiu.m4a; sourceTree = "<group>"; };
		C67F776F1522196200A79688 /* CameraController.h */ = {isa = PBXFileReference; fileEncoding = 4; lastKnownFileType = sourcecode.c.h; path = CameraController.h; sourceTree = "<group>"; };
		C67F77701522196200A79688 /* CameraController.m */ = {isa = PBXFileReference; fileEncoding = 4; lastKnownFileType = sourcecode.c.objc; path = CameraController.m; sourceTree = "<group>"; };
		C68BF7F014FA229700B23000 /* totorotalk.app */ = {isa = PBXFileReference; explicitFileType = wrapper.application; includeInIndex = 0; path = totorotalk.app; sourceTree = BUILT_PRODUCTS_DIR; };
		C68BF7F414FA229700B23000 /* UIKit.framework */ = {isa = PBXFileReference; lastKnownFileType = wrapper.framework; name = UIKit.framework; path = System/Library/Frameworks/UIKit.framework; sourceTree = SDKROOT; };
		C68BF7F614FA229800B23000 /* Foundation.framework */ = {isa = PBXFileReference; lastKnownFileType = wrapper.framework; name = Foundation.framework; path = System/Library/Frameworks/Foundation.framework; sourceTree = SDKROOT; };
		C68BF7F814FA229800B23000 /* CoreGraphics.framework */ = {isa = PBXFileReference; lastKnownFileType = wrapper.framework; name = CoreGraphics.framework; path = System/Library/Frameworks/CoreGraphics.framework; sourceTree = SDKROOT; };
		C68BF7FC14FA229800B23000 /* totorotalk-Info.plist */ = {isa = PBXFileReference; lastKnownFileType = text.plist.xml; path = "totorotalk-Info.plist"; sourceTree = "<group>"; };
		C68BF7FE14FA229800B23000 /* en */ = {isa = PBXFileReference; lastKnownFileType = text.plist.strings; name = en; path = en.lproj/InfoPlist.strings; sourceTree = "<group>"; };
		C68BF80014FA229800B23000 /* main.m */ = {isa = PBXFileReference; lastKnownFileType = sourcecode.c.objc; path = main.m; sourceTree = "<group>"; };
		C68BF80214FA229800B23000 /* totorotalk-Prefix.pch */ = {isa = PBXFileReference; lastKnownFileType = sourcecode.c.h; path = "totorotalk-Prefix.pch"; sourceTree = "<group>"; };
		C68BF80314FA229800B23000 /* AppDelegate.h */ = {isa = PBXFileReference; lastKnownFileType = sourcecode.c.h; path = AppDelegate.h; sourceTree = "<group>"; };
		C68BF80414FA229800B23000 /* AppDelegate.m */ = {isa = PBXFileReference; lastKnownFileType = sourcecode.c.objc; path = AppDelegate.m; sourceTree = "<group>"; };
		C68BF80B14FA229800B23000 /* totorotalkTests.octest */ = {isa = PBXFileReference; explicitFileType = wrapper.cfbundle; includeInIndex = 0; path = totorotalkTests.octest; sourceTree = BUILT_PRODUCTS_DIR; };
		C68BF80C14FA229800B23000 /* SenTestingKit.framework */ = {isa = PBXFileReference; lastKnownFileType = wrapper.framework; name = SenTestingKit.framework; path = Library/Frameworks/SenTestingKit.framework; sourceTree = DEVELOPER_DIR; };
		C68BF81414FA229800B23000 /* totorotalkTests-Info.plist */ = {isa = PBXFileReference; lastKnownFileType = text.plist.xml; path = "totorotalkTests-Info.plist"; sourceTree = "<group>"; };
		C68BF81614FA229800B23000 /* en */ = {isa = PBXFileReference; lastKnownFileType = text.plist.strings; name = en; path = en.lproj/InfoPlist.strings; sourceTree = "<group>"; };
		C68BF81814FA229800B23000 /* totorotalkTests.h */ = {isa = PBXFileReference; lastKnownFileType = sourcecode.c.h; path = totorotalkTests.h; sourceTree = "<group>"; };
		C68BF81914FA229800B23000 /* totorotalkTests.m */ = {isa = PBXFileReference; lastKnownFileType = sourcecode.c.objc; path = totorotalkTests.m; sourceTree = "<group>"; };
		C6977074151EDC9A00ABEC01 /* Default@2x.png */ = {isa = PBXFileReference; lastKnownFileType = image.png; path = "Default@2x.png"; sourceTree = "<group>"; };
		C6977076151EDC9F00ABEC01 /* Default.png */ = {isa = PBXFileReference; lastKnownFileType = image.png; path = Default.png; sourceTree = "<group>"; };
		C6AC2C8D152B564C008157FF /* PhotoThumbViewController.h */ = {isa = PBXFileReference; fileEncoding = 4; lastKnownFileType = sourcecode.c.h; path = PhotoThumbViewController.h; sourceTree = "<group>"; };
		C6AC2C8E152B564C008157FF /* PhotoThumbViewController.m */ = {isa = PBXFileReference; fileEncoding = 4; lastKnownFileType = sourcecode.c.objc; path = PhotoThumbViewController.m; sourceTree = "<group>"; };
		C6C81B19150CB06800D41220 /* TabBarController.h */ = {isa = PBXFileReference; fileEncoding = 4; lastKnownFileType = sourcecode.c.h; path = TabBarController.h; sourceTree = "<group>"; };
		C6C81B1A150CB06800D41220 /* TabBarController.m */ = {isa = PBXFileReference; fileEncoding = 4; lastKnownFileType = sourcecode.c.objc; path = TabBarController.m; sourceTree = "<group>"; };
		C6C81B73150CB82000D41220 /* ArticleTableController.h */ = {isa = PBXFileReference; fileEncoding = 4; lastKnownFileType = sourcecode.c.h; path = ArticleTableController.h; sourceTree = "<group>"; };
		C6C81B74150CB82000D41220 /* ArticleTableController.m */ = {isa = PBXFileReference; fileEncoding = 4; lastKnownFileType = sourcecode.c.objc; path = ArticleTableController.m; sourceTree = "<group>"; };
		C6C81B84150CC1A000D41220 /* Article.h */ = {isa = PBXFileReference; fileEncoding = 4; lastKnownFileType = sourcecode.c.h; path = Article.h; sourceTree = "<group>"; };
		C6C81B85150CC1A000D41220 /* Article.m */ = {isa = PBXFileReference; fileEncoding = 4; lastKnownFileType = sourcecode.c.objc; path = Article.m; sourceTree = "<group>"; };
		C6C81B87150CC58700D41220 /* ArticleGetDataModel.h */ = {isa = PBXFileReference; fileEncoding = 4; lastKnownFileType = sourcecode.c.h; path = ArticleGetDataModel.h; sourceTree = "<group>"; };
		C6C81B88150CC58700D41220 /* ArticleGetDataModel.m */ = {isa = PBXFileReference; fileEncoding = 4; lastKnownFileType = sourcecode.c.objc; path = ArticleGetDataModel.m; sourceTree = "<group>"; };
		C6C81B8A150CCB7F00D41220 /* ArticleDataSource.h */ = {isa = PBXFileReference; fileEncoding = 4; lastKnownFileType = sourcecode.c.h; path = ArticleDataSource.h; sourceTree = "<group>"; };
		C6C81B8B150CCB7F00D41220 /* ArticleDataSource.m */ = {isa = PBXFileReference; fileEncoding = 4; lastKnownFileType = sourcecode.c.objc; path = ArticleDataSource.m; sourceTree = "<group>"; };
		C6CE59841542F22900BDFBAD /* MockPhotoSource.h */ = {isa = PBXFileReference; fileEncoding = 4; lastKnownFileType = sourcecode.c.h; path = MockPhotoSource.h; sourceTree = "<group>"; };
		C6CE59851542F22900BDFBAD /* MockPhotoSource.m */ = {isa = PBXFileReference; fileEncoding = 4; lastKnownFileType = sourcecode.c.objc; path = MockPhotoSource.m; sourceTree = "<group>"; };
		C6D12187150D01BA00CA4DC7 /* TotoroTalkController.xib */ = {isa = PBXFileReference; fileEncoding = 4; lastKnownFileType = file.xib; path = TotoroTalkController.xib; sourceTree = "<group>"; };
		C6D4A0DE152C4B7400320203 /* background.jpg */ = {isa = PBXFileReference; lastKnownFileType = image.jpeg; path = background.jpg; sourceTree = "<group>"; };
		C6D4A0E2152C4D4C00320203 /* icon2-57.png */ = {isa = PBXFileReference; lastKnownFileType = image.png; path = "icon2-57.png"; sourceTree = "<group>"; };
		C6D4A0E4152C4D5C00320203 /* icon2-114.png */ = {isa = PBXFileReference; lastKnownFileType = image.png; path = "icon2-114.png"; sourceTree = "<group>"; };
		C6D4A0E8152C53EC00320203 /* banner.png */ = {isa = PBXFileReference; lastKnownFileType = image.png; path = banner.png; sourceTree = "<group>"; };
		C6D4A0EA152C6C4300320203 /* tab.png */ = {isa = PBXFileReference; lastKnownFileType = image.png; path = tab.png; sourceTree = "<group>"; };
		C6DE6C7E1539C8F500923B6F /* HotPhotoDataSource.h */ = {isa = PBXFileReference; fileEncoding = 4; lastKnownFileType = sourcecode.c.h; path = HotPhotoDataSource.h; sourceTree = "<group>"; };
		C6DE6C7F1539C8F500923B6F /* HotPhotoDataSource.m */ = {isa = PBXFileReference; fileEncoding = 4; lastKnownFileType = sourcecode.c.objc; path = HotPhotoDataSource.m; sourceTree = "<group>"; };
		C6DE6C811539C9A300923B6F /* HotPhotoGetDataModel.h */ = {isa = PBXFileReference; fileEncoding = 4; lastKnownFileType = sourcecode.c.h; path = HotPhotoGetDataModel.h; sourceTree = "<group>"; };
		C6DE6C821539C9A300923B6F /* HotPhotoGetDataModel.m */ = {isa = PBXFileReference; fileEncoding = 4; lastKnownFileType = sourcecode.c.objc; path = HotPhotoGetDataModel.m; sourceTree = "<group>"; };
		C6DE6C841539CA5700923B6F /* HotPhoto.h */ = {isa = PBXFileReference; fileEncoding = 4; lastKnownFileType = sourcecode.c.h; path = HotPhoto.h; sourceTree = "<group>"; };
		C6DE6C851539CA5700923B6F /* HotPhoto.m */ = {isa = PBXFileReference; fileEncoding = 4; lastKnownFileType = sourcecode.c.objc; path = HotPhoto.m; sourceTree = "<group>"; };
/* End PBXFileReference section */

/* Begin PBXFrameworksBuildPhase section */
		C68BF7ED14FA229700B23000 /* Frameworks */ = {
			isa = PBXFrameworksBuildPhase;
			buildActionMask = 2147483647;
			files = (
				3206A0F794A6D7A3F259DBF5 /* libextThree20JSON+SBJSON.a in Frameworks */,
				C64C10621503C3D4008EBE1F /* AVFoundation.framework in Frameworks */,
				3201088596B4756681693705 /* libThree20UICommon.a in Frameworks */,
				320D7DCCE32703ACAB9A45E5 /* libThree20.a in Frameworks */,
				320A737074758E53BA54BE95 /* libThree20UINavigator.a in Frameworks */,
				320A2827FEC940B25BC42C65 /* libThree20Core.a in Frameworks */,
				320F2C48872C2E2C4DF86205 /* libThree20UI.a in Frameworks */,
				320AF8492C47A4D819F7C451 /* QuartzCore.framework in Frameworks */,
				320A5A189C235877202780D5 /* libThree20Network.a in Frameworks */,
				320CC833B8AF0ACFD35E6225 /* libThree20Style.a in Frameworks */,
				C68BF7F514FA229800B23000 /* UIKit.framework in Frameworks */,
				C68BF7F714FA229800B23000 /* Foundation.framework in Frameworks */,
				C68BF7F914FA229800B23000 /* CoreGraphics.framework in Frameworks */,
			);
			runOnlyForDeploymentPostprocessing = 0;
		};
		C68BF80714FA229800B23000 /* Frameworks */ = {
			isa = PBXFrameworksBuildPhase;
			buildActionMask = 2147483647;
			files = (
				C68BF80D14FA229800B23000 /* SenTestingKit.framework in Frameworks */,
				C68BF80E14FA229800B23000 /* UIKit.framework in Frameworks */,
				C68BF80F14FA229800B23000 /* Foundation.framework in Frameworks */,
			);
			runOnlyForDeploymentPostprocessing = 0;
		};
/* End PBXFrameworksBuildPhase section */

/* Begin PBXGroup section */
		3201088596B4756681693703 /* Products */ = {
			isa = PBXGroup;
			children = (
				3201088596B4756681693704 /* libThree20UICommon.a */,
				C6792D82150392100026611B /* UICommonUnitTests.octest */,
			);
			name = Products;
			sourceTree = "<group>";
		};
		3206A0F794A6D7A3F259DBF3 /* Products */ = {
			isa = PBXGroup;
			children = (
				3206A0F794A6D7A3F259DBF4 /* libextThree20JSON+SBJSON.a */,
				C6361921150CCFD400159700 /* libextThree20JSON+YAJL.a */,
				C6361923150CCFD400159700 /* extJSONUnitTests+SBJSON.octest */,
			);
			name = Products;
			sourceTree = "<group>";
		};
		320A2827FEC940B25BC42C63 /* Products */ = {
			isa = PBXGroup;
			children = (
				320A2827FEC940B25BC42C64 /* libThree20Core.a */,
				C6792D76150392100026611B /* CoreUnitTests.octest */,
			);
			name = Products;
			sourceTree = "<group>";
		};
		320A5A189C235877202780D3 /* Products */ = {
			isa = PBXGroup;
			children = (
				320A5A189C235877202780D4 /* libThree20Network.a */,
				C6792D79150392100026611B /* NetworkUnitTests.octest */,
			);
			name = Products;
			sourceTree = "<group>";
		};
		320A737074758E53BA54BE93 /* Products */ = {
			isa = PBXGroup;
			children = (
				320A737074758E53BA54BE94 /* libThree20UINavigator.a */,
				C6792D85150392100026611B /* UINavigatorUnitTests.octest */,
			);
			name = Products;
			sourceTree = "<group>";
		};
		320CC833B8AF0ACFD35E6223 /* Products */ = {
			isa = PBXGroup;
			children = (
				320CC833B8AF0ACFD35E6224 /* libThree20Style.a */,
				C6792D7C150392100026611B /* StyleUnitTests.octest */,
			);
			name = Products;
			sourceTree = "<group>";
		};
		320D7DCCE32703ACAB9A45E3 /* Products */ = {
			isa = PBXGroup;
			children = (
				320D7DCCE32703ACAB9A45E4 /* libThree20.a */,
				C6792D73150392100026611B /* Three20UnitTests.octest */,
			);
			name = Products;
			sourceTree = "<group>";
		};
		320F2C48872C2E2C4DF86203 /* Products */ = {
			isa = PBXGroup;
			children = (
				320F2C48872C2E2C4DF86204 /* libThree20UI.a */,
				C6792D7F150392100026611B /* UIUnitTests.octest */,
			);
			name = Products;
			sourceTree = "<group>";
		};
		C623AFB4151F6435001ED9BB /* buttons */ = {
			isa = PBXGroup;
			children = (
				C623AFB7151F666C001ED9BB /* miao.jpg */,
			);
			name = buttons;
			sourceTree = "<group>";
		};
		C62A35901503985200515198 /* classes */ = {
			isa = PBXGroup;
			children = (
				C6C81B82150CC16B00D41220 /* model */,
				C6C81B81150CBC0B00D41220 /* DataSource */,
				C6C81B19150CB06800D41220 /* TabBarController.h */,
				C6C81B1A150CB06800D41220 /* TabBarController.m */,
				C63C3D981503BB480098269D /* TotoroTalkController.h */,
				C63C3D991503BB480098269D /* TotoroTalkController.m */,
				C633F0EF1507ECE4005C853C /* StyleSheet.h */,
				C633F0F01507ECE4005C853C /* StyleSheet.m */,
				C6C81B73150CB82000D41220 /* ArticleTableController.h */,
				C6C81B74150CB82000D41220 /* ArticleTableController.m */,
				C636192C150CD47700159700 /* ArticleDetailController.h */,
				C636192D150CD47700159700 /* ArticleDetailController.m */,
				C67F776F1522196200A79688 /* CameraController.h */,
				C67F77701522196200A79688 /* CameraController.m */,
				C6AC2C8D152B564C008157FF /* PhotoThumbViewController.h */,
				C6AC2C8E152B564C008157FF /* PhotoThumbViewController.m */,
			);
			name = classes;
			sourceTree = "<group>";
		};
		C63C3D9B1503BB6F0098269D /* resources */ = {
			isa = PBXGroup;
			children = (
				C6D4A0EA152C6C4300320203 /* tab.png */,
				C6D4A0E8152C53EC00320203 /* banner.png */,
				C6D4A0DE152C4B7400320203 /* background.jpg */,
				C623AFB4151F6435001ED9BB /* buttons */,
				C636192E150CD47700159700 /* ArticleDetailController.xib */,
				C623AFC5151F81FB001ED9BB /* tab1.png */,
				C623AFC6151F81FB001ED9BB /* tab2.png */,
				C633F0FC1507F704005C853C /* headimg.png */,
				C64C105C1503C21B008EBE1F /* sound */,
				C6D12187150D01BA00CA4DC7 /* TotoroTalkController.xib */,
			);
			name = resources;
			path = totorotalk;
			sourceTree = "<group>";
		};
		C64C105C1503C21B008EBE1F /* sound */ = {
			isa = PBXGroup;
			children = (
				C671382F1507D73A007148F5 /* bbsajiao.m4a */,
				C67138301507D73A007148F5 /* bbshuixingle.m4a */,
				C67138311507D73A007148F5 /* bbyaoshuijiao.m4a */,
				C67138321507D73A007148F5 /* chaojia.m4a */,
				C67138331507D73A007148F5 /* ddfaqing.m4a */,
				C67138341507D73A007148F5 /* emengjinggao.m4a */,
				C67138351507D73A007148F5 /* jimo.m4a */,
				C67138361507D73A007148F5 /* mamahuhuan.m4a */,
				C67138371507D73A007148F5 /* qiuou.m4a */,
				C67138381507D73A007148F5 /* qiurao.m4a */,
				C67138391507D73A007148F5 /* shufu.m4a */,
				C671383A1507D73A007148F5 /* taoyan.m4a */,
				C671383B1507D73A007148F5 /* teng.m4a */,
				C671383C1507D73A007148F5 /* xiangxizao.m4a */,
				C671383D1507D73A007148F5 /* xunzhaobanlv.m4a */,
				C671383E1507D73A007148F5 /* youyaoqiu.m4a */,
			);
			name = sound;
			sourceTree = "<group>";
		};
		C68BF7E514FA229700B23000 = {
			isa = PBXGroup;
			children = (
				C6D4A0E4152C4D5C00320203 /* icon2-114.png */,
				C6D4A0E2152C4D4C00320203 /* icon2-57.png */,
				C6977076151EDC9F00ABEC01 /* Default.png */,
				C6977074151EDC9A00ABEC01 /* Default@2x.png */,
				C68BF7FA14FA229800B23000 /* totorotalk */,
				C68BF81214FA229800B23000 /* totorotalkTests */,
				C68BF7F314FA229700B23000 /* Frameworks */,
				C68BF7F114FA229700B23000 /* Products */,
				C63C3D9B1503BB6F0098269D /* resources */,
			);
			sourceTree = "<group>";
		};
		C68BF7F114FA229700B23000 /* Products */ = {
			isa = PBXGroup;
			children = (
				C68BF7F014FA229700B23000 /* totorotalk.app */,
				C68BF80B14FA229800B23000 /* totorotalkTests.octest */,
			);
			name = Products;
			sourceTree = "<group>";
		};
		C68BF7F314FA229700B23000 /* Frameworks */ = {
			isa = PBXGroup;
			children = (
				3206A0F794A6D7A3F259DBF0 /* extThree20JSON.xcodeproj */,
				C64C10611503C3D4008EBE1F /* AVFoundation.framework */,
				3201088596B4756681693700 /* Three20UICommon.xcodeproj */,
				320D7DCCE32703ACAB9A45E0 /* Three20.xcodeproj */,
				320A737074758E53BA54BE90 /* Three20UINavigator.xcodeproj */,
				320A2827FEC940B25BC42C60 /* Three20Core.xcodeproj */,
				320F2C48872C2E2C4DF86200 /* Three20UI.xcodeproj */,
				320AF8492C47A4D819F7C450 /* QuartzCore.framework */,
				320A5A189C235877202780D0 /* Three20Network.xcodeproj */,
				320CC833B8AF0ACFD35E6220 /* Three20Style.xcodeproj */,
				C68BF7F414FA229700B23000 /* UIKit.framework */,
				C68BF7F614FA229800B23000 /* Foundation.framework */,
				C68BF7F814FA229800B23000 /* CoreGraphics.framework */,
				C68BF80C14FA229800B23000 /* SenTestingKit.framework */,
			);
			name = Frameworks;
			sourceTree = "<group>";
		};
		C68BF7FA14FA229800B23000 /* totorotalk */ = {
			isa = PBXGroup;
			children = (
				C62A35901503985200515198 /* classes */,
				C68BF80314FA229800B23000 /* AppDelegate.h */,
				C68BF80414FA229800B23000 /* AppDelegate.m */,
				C68BF7FB14FA229800B23000 /* Supporting Files */,
			);
			path = totorotalk;
			sourceTree = "<group>";
		};
		C68BF7FB14FA229800B23000 /* Supporting Files */ = {
			isa = PBXGroup;
			children = (
				C64C10741503CA06008EBE1F /* Three20.bundle */,
				C68BF7FC14FA229800B23000 /* totorotalk-Info.plist */,
				C68BF7FD14FA229800B23000 /* InfoPlist.strings */,
				C68BF80014FA229800B23000 /* main.m */,
				C68BF80214FA229800B23000 /* totorotalk-Prefix.pch */,
			);
			name = "Supporting Files";
			sourceTree = "<group>";
		};
		C68BF81214FA229800B23000 /* totorotalkTests */ = {
			isa = PBXGroup;
			children = (
				C68BF81814FA229800B23000 /* totorotalkTests.h */,
				C68BF81914FA229800B23000 /* totorotalkTests.m */,
				C68BF81314FA229800B23000 /* Supporting Files */,
			);
			path = totorotalkTests;
			sourceTree = "<group>";
		};
		C68BF81314FA229800B23000 /* Supporting Files */ = {
			isa = PBXGroup;
			children = (
				C68BF81414FA229800B23000 /* totorotalkTests-Info.plist */,
				C68BF81514FA229800B23000 /* InfoPlist.strings */,
			);
			name = "Supporting Files";
			sourceTree = "<group>";
		};
		C6C81B81150CBC0B00D41220 /* DataSource */ = {
			isa = PBXGroup;
			children = (
				C6CE59841542F22900BDFBAD /* MockPhotoSource.h */,
				C6CE59851542F22900BDFBAD /* MockPhotoSource.m */,
				C6C81B8A150CCB7F00D41220 /* ArticleDataSource.h */,
				C6C81B8B150CCB7F00D41220 /* ArticleDataSource.m */,
				C6DE6C7E1539C8F500923B6F /* HotPhotoDataSource.h */,
				C6DE6C7F1539C8F500923B6F /* HotPhotoDataSource.m */,
			);
			name = DataSource;
			sourceTree = "<group>";
		};
		C6C81B82150CC16B00D41220 /* model */ = {
			isa = PBXGroup;
			children = (
				C6C81B87150CC58700D41220 /* ArticleGetDataModel.h */,
				C6C81B88150CC58700D41220 /* ArticleGetDataModel.m */,
				C6C81B83150CC17600D41220 /* objects */,
				C6DE6C811539C9A300923B6F /* HotPhotoGetDataModel.h */,
				C6DE6C821539C9A300923B6F /* HotPhotoGetDataModel.m */,
			);
			name = model;
			sourceTree = "<group>";
		};
		C6C81B83150CC17600D41220 /* objects */ = {
			isa = PBXGroup;
			children = (
				C6C81B84150CC1A000D41220 /* Article.h */,
				C6C81B85150CC1A000D41220 /* Article.m */,
				C6DE6C841539CA5700923B6F /* HotPhoto.h */,
				C6DE6C851539CA5700923B6F /* HotPhoto.m */,
			);
			name = objects;
			sourceTree = "<group>";
		};
/* End PBXGroup section */

/* Begin PBXNativeTarget section */
		C68BF7EF14FA229700B23000 /* totorotalk */ = {
			isa = PBXNativeTarget;
			buildConfigurationList = C68BF81D14FA229800B23000 /* Build configuration list for PBXNativeTarget "totorotalk" */;
			buildPhases = (
				C68BF7EC14FA229700B23000 /* Sources */,
				C68BF7ED14FA229700B23000 /* Frameworks */,
				C68BF7EE14FA229700B23000 /* Resources */,
			);
			buildRules = (
			);
			dependencies = (
				3206A0F794A6D7A3F259DBF1 /* PBXTargetDependency */,
				3201088596B4756681693701 /* PBXTargetDependency */,
				320D7DCCE32703ACAB9A45E1 /* PBXTargetDependency */,
				320A737074758E53BA54BE91 /* PBXTargetDependency */,
				320A2827FEC940B25BC42C61 /* PBXTargetDependency */,
				320F2C48872C2E2C4DF86201 /* PBXTargetDependency */,
				320A5A189C235877202780D1 /* PBXTargetDependency */,
				320CC833B8AF0ACFD35E6221 /* PBXTargetDependency */,
			);
			name = totorotalk;
			productName = totorotalk;
			productReference = C68BF7F014FA229700B23000 /* totorotalk.app */;
			productType = "com.apple.product-type.application";
		};
		C68BF80A14FA229800B23000 /* totorotalkTests */ = {
			isa = PBXNativeTarget;
			buildConfigurationList = C68BF82014FA229800B23000 /* Build configuration list for PBXNativeTarget "totorotalkTests" */;
			buildPhases = (
				C68BF80614FA229800B23000 /* Sources */,
				C68BF80714FA229800B23000 /* Frameworks */,
				C68BF80814FA229800B23000 /* Resources */,
				C68BF80914FA229800B23000 /* ShellScript */,
			);
			buildRules = (
			);
			dependencies = (
				C68BF81114FA229800B23000 /* PBXTargetDependency */,
			);
			name = totorotalkTests;
			productName = totorotalkTests;
			productReference = C68BF80B14FA229800B23000 /* totorotalkTests.octest */;
			productType = "com.apple.product-type.bundle";
		};
/* End PBXNativeTarget section */

/* Begin PBXProject section */
		C68BF7E714FA229700B23000 /* Project object */ = {
			isa = PBXProject;
			attributes = {
				LastUpgradeCheck = 0420;
			};
			buildConfigurationList = C68BF7EA14FA229700B23000 /* Build configuration list for PBXProject "totorotalk" */;
			compatibilityVersion = "Xcode 3.2";
			developmentRegion = English;
			hasScannedForEncodings = 0;
			knownRegions = (
				en,
			);
			mainGroup = C68BF7E514FA229700B23000;
			productRefGroup = C68BF7F114FA229700B23000 /* Products */;
			projectDirPath = "";
			projectReferences = (
				{
					ProductGroup = 3206A0F794A6D7A3F259DBF3 /* Products */;
					ProjectRef = 3206A0F794A6D7A3F259DBF0 /* extThree20JSON.xcodeproj */;
				},
				{
					ProductGroup = 320D7DCCE32703ACAB9A45E3 /* Products */;
					ProjectRef = 320D7DCCE32703ACAB9A45E0 /* Three20.xcodeproj */;
				},
				{
					ProductGroup = 320A2827FEC940B25BC42C63 /* Products */;
					ProjectRef = 320A2827FEC940B25BC42C60 /* Three20Core.xcodeproj */;
				},
				{
					ProductGroup = 320A5A189C235877202780D3 /* Products */;
					ProjectRef = 320A5A189C235877202780D0 /* Three20Network.xcodeproj */;
				},
				{
					ProductGroup = 320CC833B8AF0ACFD35E6223 /* Products */;
					ProjectRef = 320CC833B8AF0ACFD35E6220 /* Three20Style.xcodeproj */;
				},
				{
					ProductGroup = 320F2C48872C2E2C4DF86203 /* Products */;
					ProjectRef = 320F2C48872C2E2C4DF86200 /* Three20UI.xcodeproj */;
				},
				{
					ProductGroup = 3201088596B4756681693703 /* Products */;
					ProjectRef = 3201088596B4756681693700 /* Three20UICommon.xcodeproj */;
				},
				{
					ProductGroup = 320A737074758E53BA54BE93 /* Products */;
					ProjectRef = 320A737074758E53BA54BE90 /* Three20UINavigator.xcodeproj */;
				},
			);
			projectRoot = "";
			targets = (
				C68BF7EF14FA229700B23000 /* totorotalk */,
				C68BF80A14FA229800B23000 /* totorotalkTests */,
			);
		};
/* End PBXProject section */

/* Begin PBXReferenceProxy section */
		3201088596B4756681693704 /* libThree20UICommon.a */ = {
			isa = PBXReferenceProxy;
			fileType = archive.ar;
			path = libThree20UICommon.a;
			remoteRef = 3201088596B4756681693706 /* PBXContainerItemProxy */;
			sourceTree = BUILT_PRODUCTS_DIR;
		};
		3206A0F794A6D7A3F259DBF4 /* libextThree20JSON+SBJSON.a */ = {
			isa = PBXReferenceProxy;
			fileType = archive.ar;
			path = "libextThree20JSON+SBJSON.a";
			remoteRef = 3206A0F794A6D7A3F259DBF6 /* PBXContainerItemProxy */;
			sourceTree = BUILT_PRODUCTS_DIR;
		};
		320A2827FEC940B25BC42C64 /* libThree20Core.a */ = {
			isa = PBXReferenceProxy;
			fileType = archive.ar;
			path = libThree20Core.a;
			remoteRef = 320A2827FEC940B25BC42C66 /* PBXContainerItemProxy */;
			sourceTree = BUILT_PRODUCTS_DIR;
		};
		320A5A189C235877202780D4 /* libThree20Network.a */ = {
			isa = PBXReferenceProxy;
			fileType = archive.ar;
			path = libThree20Network.a;
			remoteRef = 320A5A189C235877202780D6 /* PBXContainerItemProxy */;
			sourceTree = BUILT_PRODUCTS_DIR;
		};
		320A737074758E53BA54BE94 /* libThree20UINavigator.a */ = {
			isa = PBXReferenceProxy;
			fileType = archive.ar;
			path = libThree20UINavigator.a;
			remoteRef = 320A737074758E53BA54BE96 /* PBXContainerItemProxy */;
			sourceTree = BUILT_PRODUCTS_DIR;
		};
		320CC833B8AF0ACFD35E6224 /* libThree20Style.a */ = {
			isa = PBXReferenceProxy;
			fileType = archive.ar;
			path = libThree20Style.a;
			remoteRef = 320CC833B8AF0ACFD35E6226 /* PBXContainerItemProxy */;
			sourceTree = BUILT_PRODUCTS_DIR;
		};
		320D7DCCE32703ACAB9A45E4 /* libThree20.a */ = {
			isa = PBXReferenceProxy;
			fileType = archive.ar;
			path = libThree20.a;
			remoteRef = 320D7DCCE32703ACAB9A45E6 /* PBXContainerItemProxy */;
			sourceTree = BUILT_PRODUCTS_DIR;
		};
		320F2C48872C2E2C4DF86204 /* libThree20UI.a */ = {
			isa = PBXReferenceProxy;
			fileType = archive.ar;
			path = libThree20UI.a;
			remoteRef = 320F2C48872C2E2C4DF86206 /* PBXContainerItemProxy */;
			sourceTree = BUILT_PRODUCTS_DIR;
		};
		C6361921150CCFD400159700 /* libextThree20JSON+YAJL.a */ = {
			isa = PBXReferenceProxy;
			fileType = archive.ar;
			path = "libextThree20JSON+YAJL.a";
			remoteRef = C6361920150CCFD400159700 /* PBXContainerItemProxy */;
			sourceTree = BUILT_PRODUCTS_DIR;
		};
		C6361923150CCFD400159700 /* extJSONUnitTests+SBJSON.octest */ = {
			isa = PBXReferenceProxy;
			fileType = wrapper.cfbundle;
			path = "extJSONUnitTests+SBJSON.octest";
			remoteRef = C6361922150CCFD400159700 /* PBXContainerItemProxy */;
			sourceTree = BUILT_PRODUCTS_DIR;
		};
		C6792D73150392100026611B /* Three20UnitTests.octest */ = {
			isa = PBXReferenceProxy;
			fileType = wrapper.cfbundle;
			path = Three20UnitTests.octest;
			remoteRef = C6792D72150392100026611B /* PBXContainerItemProxy */;
			sourceTree = BUILT_PRODUCTS_DIR;
		};
		C6792D76150392100026611B /* CoreUnitTests.octest */ = {
			isa = PBXReferenceProxy;
			fileType = wrapper.cfbundle;
			path = CoreUnitTests.octest;
			remoteRef = C6792D75150392100026611B /* PBXContainerItemProxy */;
			sourceTree = BUILT_PRODUCTS_DIR;
		};
		C6792D79150392100026611B /* NetworkUnitTests.octest */ = {
			isa = PBXReferenceProxy;
			fileType = wrapper.cfbundle;
			path = NetworkUnitTests.octest;
			remoteRef = C6792D78150392100026611B /* PBXContainerItemProxy */;
			sourceTree = BUILT_PRODUCTS_DIR;
		};
		C6792D7C150392100026611B /* StyleUnitTests.octest */ = {
			isa = PBXReferenceProxy;
			fileType = wrapper.cfbundle;
			path = StyleUnitTests.octest;
			remoteRef = C6792D7B150392100026611B /* PBXContainerItemProxy */;
			sourceTree = BUILT_PRODUCTS_DIR;
		};
		C6792D7F150392100026611B /* UIUnitTests.octest */ = {
			isa = PBXReferenceProxy;
			fileType = wrapper.cfbundle;
			path = UIUnitTests.octest;
			remoteRef = C6792D7E150392100026611B /* PBXContainerItemProxy */;
			sourceTree = BUILT_PRODUCTS_DIR;
		};
		C6792D82150392100026611B /* UICommonUnitTests.octest */ = {
			isa = PBXReferenceProxy;
			fileType = wrapper.cfbundle;
			path = UICommonUnitTests.octest;
			remoteRef = C6792D81150392100026611B /* PBXContainerItemProxy */;
			sourceTree = BUILT_PRODUCTS_DIR;
		};
		C6792D85150392100026611B /* UINavigatorUnitTests.octest */ = {
			isa = PBXReferenceProxy;
			fileType = wrapper.cfbundle;
			path = UINavigatorUnitTests.octest;
			remoteRef = C6792D84150392100026611B /* PBXContainerItemProxy */;
			sourceTree = BUILT_PRODUCTS_DIR;
		};
/* End PBXReferenceProxy section */

/* Begin PBXResourcesBuildPhase section */
		C68BF7EE14FA229700B23000 /* Resources */ = {
			isa = PBXResourcesBuildPhase;
			buildActionMask = 2147483647;
			files = (
				C68BF7FF14FA229800B23000 /* InfoPlist.strings in Resources */,
				C64C10751503CA06008EBE1F /* Three20.bundle in Resources */,
				C671383F1507D73A007148F5 /* bbsajiao.m4a in Resources */,
				C67138401507D73A007148F5 /* bbshuixingle.m4a in Resources */,
				C67138411507D73A007148F5 /* bbyaoshuijiao.m4a in Resources */,
				C67138421507D73A007148F5 /* chaojia.m4a in Resources */,
				C67138431507D73A007148F5 /* ddfaqing.m4a in Resources */,
				C67138441507D73A007148F5 /* emengjinggao.m4a in Resources */,
				C67138451507D73A007148F5 /* jimo.m4a in Resources */,
				C67138461507D73A007148F5 /* mamahuhuan.m4a in Resources */,
				C67138471507D73A007148F5 /* qiuou.m4a in Resources */,
				C67138481507D73A007148F5 /* qiurao.m4a in Resources */,
				C67138491507D73A007148F5 /* shufu.m4a in Resources */,
				C671384A1507D73A007148F5 /* taoyan.m4a in Resources */,
				C671384B1507D73A007148F5 /* teng.m4a in Resources */,
				C671384C1507D73A007148F5 /* xiangxizao.m4a in Resources */,
				C671384D1507D73A007148F5 /* xunzhaobanlv.m4a in Resources */,
				C671384E1507D73A007148F5 /* youyaoqiu.m4a in Resources */,
				C633F0FD1507F704005C853C /* headimg.png in Resources */,
				C6361930150CD47700159700 /* ArticleDetailController.xib in Resources */,
				C6D12188150D01BA00CA4DC7 /* TotoroTalkController.xib in Resources */,
				C6977075151EDC9A00ABEC01 /* Default@2x.png in Resources */,
				C6977077151EDC9F00ABEC01 /* Default.png in Resources */,
				C623AFB8151F666C001ED9BB /* miao.jpg in Resources */,
				C623AFC7151F81FB001ED9BB /* tab1.png in Resources */,
				C623AFC8151F81FB001ED9BB /* tab2.png in Resources */,
				C6D4A0DF152C4B7400320203 /* background.jpg in Resources */,
				C6D4A0E3152C4D4C00320203 /* icon2-57.png in Resources */,
				C6D4A0E5152C4D5C00320203 /* icon2-114.png in Resources */,
				C6D4A0E9152C53EC00320203 /* banner.png in Resources */,
				C6D4A0EB152C6C4300320203 /* tab.png in Resources */,
			);
			runOnlyForDeploymentPostprocessing = 0;
		};
		C68BF80814FA229800B23000 /* Resources */ = {
			isa = PBXResourcesBuildPhase;
			buildActionMask = 2147483647;
			files = (
				C68BF81714FA229800B23000 /* InfoPlist.strings in Resources */,
			);
			runOnlyForDeploymentPostprocessing = 0;
		};
/* End PBXResourcesBuildPhase section */

/* Begin PBXShellScriptBuildPhase section */
		C68BF80914FA229800B23000 /* ShellScript */ = {
			isa = PBXShellScriptBuildPhase;
			buildActionMask = 2147483647;
			files = (
			);
			inputPaths = (
			);
			outputPaths = (
			);
			runOnlyForDeploymentPostprocessing = 0;
			shellPath = /bin/sh;
			shellScript = "# Run the unit tests in this test bundle.\n\"${SYSTEM_DEVELOPER_DIR}/Tools/RunUnitTests\"\n";
		};
/* End PBXShellScriptBuildPhase section */

/* Begin PBXSourcesBuildPhase section */
		C68BF7EC14FA229700B23000 /* Sources */ = {
			isa = PBXSourcesBuildPhase;
			buildActionMask = 2147483647;
			files = (
				C68BF80114FA229800B23000 /* main.m in Sources */,
				C68BF80514FA229800B23000 /* AppDelegate.m in Sources */,
				C63C3D9A1503BB480098269D /* TotoroTalkController.m in Sources */,
				C633F0F11507ECE4005C853C /* StyleSheet.m in Sources */,
				C6C81B1B150CB06800D41220 /* TabBarController.m in Sources */,
				C6C81B75150CB82000D41220 /* ArticleTableController.m in Sources */,
				C6C81B86150CC1A000D41220 /* Article.m in Sources */,
				C6C81B89150CC58700D41220 /* ArticleGetDataModel.m in Sources */,
				C6C81B8C150CCB7F00D41220 /* ArticleDataSource.m in Sources */,
				C636192F150CD47700159700 /* ArticleDetailController.m in Sources */,
				C67F77711522196200A79688 /* CameraController.m in Sources */,
				C6AC2C8F152B564C008157FF /* PhotoThumbViewController.m in Sources */,
				C6DE6C801539C8F500923B6F /* HotPhotoDataSource.m in Sources */,
				C6DE6C831539C9A300923B6F /* HotPhotoGetDataModel.m in Sources */,
				C6DE6C861539CA5700923B6F /* HotPhoto.m in Sources */,
				C6CE59861542F22900BDFBAD /* MockPhotoSource.m in Sources */,
			);
			runOnlyForDeploymentPostprocessing = 0;
		};
		C68BF80614FA229800B23000 /* Sources */ = {
			isa = PBXSourcesBuildPhase;
			buildActionMask = 2147483647;
			files = (
				C68BF81A14FA229800B23000 /* totorotalkTests.m in Sources */,
			);
			runOnlyForDeploymentPostprocessing = 0;
		};
/* End PBXSourcesBuildPhase section */

/* Begin PBXTargetDependency section */
		3201088596B4756681693701 /* PBXTargetDependency */ = {
			isa = PBXTargetDependency;
			name = Three20UICommon;
			targetProxy = 3201088596B4756681693702 /* PBXContainerItemProxy */;
		};
		3206A0F794A6D7A3F259DBF1 /* PBXTargetDependency */ = {
			isa = PBXTargetDependency;
			name = extThree20JSON;
			targetProxy = 3206A0F794A6D7A3F259DBF2 /* PBXContainerItemProxy */;
		};
		320A2827FEC940B25BC42C61 /* PBXTargetDependency */ = {
			isa = PBXTargetDependency;
			name = Three20Core;
			targetProxy = 320A2827FEC940B25BC42C62 /* PBXContainerItemProxy */;
		};
		320A5A189C235877202780D1 /* PBXTargetDependency */ = {
			isa = PBXTargetDependency;
			name = Three20Network;
			targetProxy = 320A5A189C235877202780D2 /* PBXContainerItemProxy */;
		};
		320A737074758E53BA54BE91 /* PBXTargetDependency */ = {
			isa = PBXTargetDependency;
			name = Three20UINavigator;
			targetProxy = 320A737074758E53BA54BE92 /* PBXContainerItemProxy */;
		};
		320CC833B8AF0ACFD35E6221 /* PBXTargetDependency */ = {
			isa = PBXTargetDependency;
			name = Three20Style;
			targetProxy = 320CC833B8AF0ACFD35E6222 /* PBXContainerItemProxy */;
		};
		320D7DCCE32703ACAB9A45E1 /* PBXTargetDependency */ = {
			isa = PBXTargetDependency;
			name = Three20;
			targetProxy = 320D7DCCE32703ACAB9A45E2 /* PBXContainerItemProxy */;
		};
		320F2C48872C2E2C4DF86201 /* PBXTargetDependency */ = {
			isa = PBXTargetDependency;
			name = Three20UI;
			targetProxy = 320F2C48872C2E2C4DF86202 /* PBXContainerItemProxy */;
		};
		C68BF81114FA229800B23000 /* PBXTargetDependency */ = {
			isa = PBXTargetDependency;
			target = C68BF7EF14FA229700B23000 /* totorotalk */;
			targetProxy = C68BF81014FA229800B23000 /* PBXContainerItemProxy */;
		};
/* End PBXTargetDependency section */

/* Begin PBXVariantGroup section */
		C68BF7FD14FA229800B23000 /* InfoPlist.strings */ = {
			isa = PBXVariantGroup;
			children = (
				C68BF7FE14FA229800B23000 /* en */,
				C64C10711503C87A008EBE1F /* zh-Hans */,
			);
			name = InfoPlist.strings;
			sourceTree = "<group>";
		};
		C68BF81514FA229800B23000 /* InfoPlist.strings */ = {
			isa = PBXVariantGroup;
			children = (
				C68BF81614FA229800B23000 /* en */,
				C64C10701503C87A008EBE1F /* zh-Hans */,
			);
			name = InfoPlist.strings;
			sourceTree = "<group>";
		};
/* End PBXVariantGroup section */

/* Begin XCBuildConfiguration section */
		C68BF81B14FA229800B23000 /* Debug */ = {
			isa = XCBuildConfiguration;
			buildSettings = {
				ALWAYS_SEARCH_USER_PATHS = NO;
				ARCHS = "$(ARCHS_STANDARD_32_BIT)";
				CLANG_ENABLE_OBJC_ARC = NO;
				"CODE_SIGN_IDENTITY[sdk=iphoneos*]" = "iPhone Developer: Shuzu Li (7NHVV2TJUM)";
				COPY_PHASE_STRIP = NO;
				GCC_C_LANGUAGE_STANDARD = gnu99;
				GCC_DYNAMIC_NO_PIC = NO;
				GCC_OPTIMIZATION_LEVEL = 0;
				GCC_PREPROCESSOR_DEFINITIONS = (
					"DEBUG=1",
					"$(inherited)",
				);
				GCC_SYMBOLS_PRIVATE_EXTERN = NO;
				GCC_VERSION = com.apple.compilers.llvm.clang.1_0;
				GCC_WARN_ABOUT_MISSING_PROTOTYPES = YES;
				GCC_WARN_ABOUT_RETURN_TYPE = YES;
				GCC_WARN_UNUSED_VARIABLE = YES;
				HEADER_SEARCH_PATHS = (
					"$(BUILT_PRODUCTS_DIR)/../three20",
					"$(BUILT_PRODUCTS_DIR)/../../three20",
					../../three20/Build/Products/three20,
				);
				IPHONEOS_DEPLOYMENT_TARGET = 5.0;
				OTHER_LDFLAGS = "-ObjC";
				"PROVISIONING_PROFILE[sdk=iphoneos*]" = "3EB08300-F1CD-44F8-9613-2C1C72C26C5A";
				SDKROOT = iphoneos;
			};
			name = Debug;
		};
		C68BF81C14FA229800B23000 /* Release */ = {
			isa = XCBuildConfiguration;
			buildSettings = {
				ALWAYS_SEARCH_USER_PATHS = NO;
				ARCHS = "$(ARCHS_STANDARD_32_BIT)";
				CLANG_ENABLE_OBJC_ARC = NO;
				"CODE_SIGN_IDENTITY[sdk=iphoneos*]" = "iPhone Developer: Shuzu Li (7NHVV2TJUM)";
				COPY_PHASE_STRIP = YES;
				GCC_C_LANGUAGE_STANDARD = gnu99;
				GCC_VERSION = com.apple.compilers.llvm.clang.1_0;
				GCC_WARN_ABOUT_MISSING_PROTOTYPES = YES;
				GCC_WARN_ABOUT_RETURN_TYPE = YES;
				GCC_WARN_UNUSED_VARIABLE = YES;
				HEADER_SEARCH_PATHS = (
					"$(BUILT_PRODUCTS_DIR)/../three20",
					"$(BUILT_PRODUCTS_DIR)/../../three20",
					../../three20/Build/Products/three20,
				);
				IPHONEOS_DEPLOYMENT_TARGET = 5.0;
				OTHER_CFLAGS = "-DNS_BLOCK_ASSERTIONS=1";
				OTHER_LDFLAGS = "-ObjC";
				"PROVISIONING_PROFILE[sdk=iphoneos*]" = "3EB08300-F1CD-44F8-9613-2C1C72C26C5A";
				SDKROOT = iphoneos;
				VALIDATE_PRODUCT = YES;
			};
			name = Release;
		};
		C68BF81E14FA229800B23000 /* Debug */ = {
			isa = XCBuildConfiguration;
			buildSettings = {
				"CODE_SIGN_IDENTITY[sdk=iphoneos*]" = "iPhone Developer: Shuzu Li (7NHVV2TJUM)";
				GCC_PRECOMPILE_PREFIX_HEADER = YES;
				GCC_PREFIX_HEADER = "totorotalk/totorotalk-Prefix.pch";
				INFOPLIST_FILE = "totorotalk/totorotalk-Info.plist";
				PRODUCT_NAME = "$(TARGET_NAME)";
				"PROVISIONING_PROFILE[sdk=iphoneos*]" = "3EB08300-F1CD-44F8-9613-2C1C72C26C5A";
				WRAPPER_EXTENSION = app;
			};
			name = Debug;
		};
		C68BF81F14FA229800B23000 /* Release */ = {
			isa = XCBuildConfiguration;
			buildSettings = {
				"CODE_SIGN_IDENTITY[sdk=iphoneos*]" = "iPhone Developer: Shuzu Li (7NHVV2TJUM)";
				GCC_PRECOMPILE_PREFIX_HEADER = YES;
				GCC_PREFIX_HEADER = "totorotalk/totorotalk-Prefix.pch";
				INFOPLIST_FILE = "totorotalk/totorotalk-Info.plist";
				PRODUCT_NAME = "$(TARGET_NAME)";
				"PROVISIONING_PROFILE[sdk=iphoneos*]" = "3EB08300-F1CD-44F8-9613-2C1C72C26C5A";
				WRAPPER_EXTENSION = app;
			};
			name = Release;
		};
		C68BF82114FA229800B23000 /* Debug */ = {
			isa = XCBuildConfiguration;
			buildSettings = {
				BUNDLE_LOADER = "$(BUILT_PRODUCTS_DIR)/totorotalk.app/totorotalk";
				FRAMEWORK_SEARCH_PATHS = (
					"$(SDKROOT)/Developer/Library/Frameworks",
					"$(DEVELOPER_LIBRARY_DIR)/Frameworks",
				);
				GCC_PRECOMPILE_PREFIX_HEADER = YES;
				GCC_PREFIX_HEADER = "totorotalk/totorotalk-Prefix.pch";
				INFOPLIST_FILE = "totorotalkTests/totorotalkTests-Info.plist";
				PRODUCT_NAME = "$(TARGET_NAME)";
				TEST_HOST = "$(BUNDLE_LOADER)";
				WRAPPER_EXTENSION = octest;
			};
			name = Debug;
		};
		C68BF82214FA229800B23000 /* Release */ = {
			isa = XCBuildConfiguration;
			buildSettings = {
				BUNDLE_LOADER = "$(BUILT_PRODUCTS_DIR)/totorotalk.app/totorotalk";
				FRAMEWORK_SEARCH_PATHS = (
					"$(SDKROOT)/Developer/Library/Frameworks",
					"$(DEVELOPER_LIBRARY_DIR)/Frameworks",
				);
				GCC_PRECOMPILE_PREFIX_HEADER = YES;
				GCC_PREFIX_HEADER = "totorotalk/totorotalk-Prefix.pch";
				INFOPLIST_FILE = "totorotalkTests/totorotalkTests-Info.plist";
				PRODUCT_NAME = "$(TARGET_NAME)";
				TEST_HOST = "$(BUNDLE_LOADER)";
				WRAPPER_EXTENSION = octest;
			};
			name = Release;
		};
		C6D4A0F7152C6F8200320203 /* Distribution */ = {
			isa = XCBuildConfiguration;
			buildSettings = {
				ALWAYS_SEARCH_USER_PATHS = NO;
				ARCHS = "$(ARCHS_STANDARD_32_BIT)";
				CLANG_ENABLE_OBJC_ARC = NO;
				CODE_SIGN_IDENTITY = "iPhone Distribution: Shuzu Li";
				"CODE_SIGN_IDENTITY[sdk=iphoneos*]" = "iPhone Distribution: Shuzu Li";
				COPY_PHASE_STRIP = YES;
				GCC_C_LANGUAGE_STANDARD = gnu99;
				GCC_VERSION = com.apple.compilers.llvm.clang.1_0;
				GCC_WARN_ABOUT_MISSING_PROTOTYPES = YES;
				GCC_WARN_ABOUT_RETURN_TYPE = YES;
				GCC_WARN_UNUSED_VARIABLE = YES;
				HEADER_SEARCH_PATHS = (
					"$(BUILT_PRODUCTS_DIR)/../three20",
					"$(BUILT_PRODUCTS_DIR)/../../three20",
					../../three20/Build/Products/three20,
				);
				IPHONEOS_DEPLOYMENT_TARGET = 5.0;
				OTHER_CFLAGS = "-DNS_BLOCK_ASSERTIONS=1";
				OTHER_LDFLAGS = "-ObjC";
				PROVISIONING_PROFILE = "DBC09532-E8D0-4FB6-BCF0-4B063DA1E3DD";
				"PROVISIONING_PROFILE[sdk=iphoneos*]" = "DBC09532-E8D0-4FB6-BCF0-4B063DA1E3DD";
				SDKROOT = iphoneos;
				VALIDATE_PRODUCT = YES;
			};
			name = Distribution;
		};
		C6D4A0F8152C6F8200320203 /* Distribution */ = {
			isa = XCBuildConfiguration;
			buildSettings = {
				CODE_SIGN_IDENTITY = "iPhone Distribution: Shuzu Li";
				"CODE_SIGN_IDENTITY[sdk=iphoneos*]" = "iPhone Distribution: Shuzu Li";
				GCC_PRECOMPILE_PREFIX_HEADER = YES;
				GCC_PREFIX_HEADER = "totorotalk/totorotalk-Prefix.pch";
				INFOPLIST_FILE = "totorotalk/totorotalk-Info.plist";
				PRODUCT_NAME = "$(TARGET_NAME)";
				PROVISIONING_PROFILE = "DBC09532-E8D0-4FB6-BCF0-4B063DA1E3DD";
				"PROVISIONING_PROFILE[sdk=iphoneos*]" = "DBC09532-E8D0-4FB6-BCF0-4B063DA1E3DD";
				WRAPPER_EXTENSION = app;
			};
			name = Distribution;
		};
		C6D4A0F9152C6F8200320203 /* Distribution */ = {
			isa = XCBuildConfiguration;
			buildSettings = {
				BUNDLE_LOADER = "$(BUILT_PRODUCTS_DIR)/totorotalk.app/totorotalk";
				FRAMEWORK_SEARCH_PATHS = (
					"$(SDKROOT)/Developer/Library/Frameworks",
					"$(DEVELOPER_LIBRARY_DIR)/Frameworks",
				);
				GCC_PRECOMPILE_PREFIX_HEADER = YES;
				GCC_PREFIX_HEADER = "totorotalk/totorotalk-Prefix.pch";
				INFOPLIST_FILE = "totorotalkTests/totorotalkTests-Info.plist";
				PRODUCT_NAME = "$(TARGET_NAME)";
				TEST_HOST = "$(BUNDLE_LOADER)";
				WRAPPER_EXTENSION = octest;
			};
			name = Distribution;
		};
/* End XCBuildConfiguration section */

/* Begin XCConfigurationList section */
		C68BF7EA14FA229700B23000 /* Build configuration list for PBXProject "totorotalk" */ = {
			isa = XCConfigurationList;
			buildConfigurations = (
				C68BF81B14FA229800B23000 /* Debug */,
				C68BF81C14FA229800B23000 /* Release */,
				C6D4A0F7152C6F8200320203 /* Distribution */,
			);
			defaultConfigurationIsVisible = 0;
			defaultConfigurationName = Release;
		};
		C68BF81D14FA229800B23000 /* Build configuration list for PBXNativeTarget "totorotalk" */ = {
			isa = XCConfigurationList;
			buildConfigurations = (
				C68BF81E14FA229800B23000 /* Debug */,
				C68BF81F14FA229800B23000 /* Release */,
				C6D4A0F8152C6F8200320203 /* Distribution */,
			);
			defaultConfigurationIsVisible = 0;
			defaultConfigurationName = Release;
		};
		C68BF82014FA229800B23000 /* Build configuration list for PBXNativeTarget "totorotalkTests" */ = {
			isa = XCConfigurationList;
			buildConfigurations = (
				C68BF82114FA229800B23000 /* Debug */,
				C68BF82214FA229800B23000 /* Release */,
				C6D4A0F9152C6F8200320203 /* Distribution */,
			);
			defaultConfigurationIsVisible = 0;
			defaultConfigurationName = Release;
		};
/* End XCConfigurationList section */
	};
	rootObject = C68BF7E714FA229700B23000 /* Project object */;
}
